
Microsoft Visual Studio Solution File, Format Version 12.00
# Visual Studio Version 17
VisualStudioVersion = 17.7.34202.233
MinimumVisualStudioVersion = 10.0.40219.1
Project("{FAE04EC0-301F-11D3-BF4B-00C04F79EFBC}") = "Banking System", "Banking System\Banking System.csproj", "{6688067C-E8EF-412D-B256-6E0667B30953}"
EndProject
Project("{2150E333-8FDC-42A3-9474-1A3956D46DE8}") = "Models", "Models", "{09D467C3-4A41-44EB-94B4-189B0DDA5839}"
	ProjectSection(SolutionItems) = preProject
		Users.cs = Users.cs
		Balance.cs = Balance.cs
	EndProjectSection
EndProject
Global
	GlobalSection(SolutionConfigurationPlatforms) = preSolution
		Debug|Any CPU = Debug|Any CPU
		Release|Any CPU = Release|Any CPU
	EndGlobalSection
	GlobalSection(ProjectConfigurationPlatforms) = postSolution
		{6688067C-E8EF-412D-B256-6E0667B30953}.Debug|Any CPU.ActiveCfg = Debug|Any CPU
		{6688067C-E8EF-412D-B256-6E0667B30953}.Debug|Any CPU.Build.0 = Debug|Any CPU
		{6688067C-E8EF-412D-B256-6E0667B30953}.Release|Any CPU.ActiveCfg = Release|Any CPU
		{6688067C-E8EF-412D-B256-6E0667B30953}.Release|Any CPU.Build.0 = Release|Any CPU
	EndGlobalSection
	GlobalSection(SolutionProperties) = preSolution
		HideSolutionNode = FALSE
	EndGlobalSection
	GlobalSection(ExtensibilityGlobals) = postSolution
		SolutionGuid = {4518BE05-BEB8-491A-971F-FEF07C9C7A22}
	EndGlobalSection
EndGlobal
